
Microsoft Visual Studio Solution File, Format Version 12.00
# Visual Studio 15
VisualStudioVersion = 15.0.28307.421
MinimumVisualStudioVersion = 10.0.40219.1
Project("{FAE04EC0-301F-11D3-BF4B-00C04F79EFBC}") = "SAP.API.WEB", "SAP.API.WEB\SAP.API.WEB.csproj", "{9C359DCA-9F33-40A8-B491-7E45BC23BB4E}"
EndProject
Project("{FAE04EC0-301F-11D3-BF4B-00C04F79EFBC}") = "SAP.API.Business", "SAP.API.Business\SAP.API.Business.csproj", "{643A4332-8F22-47B2-9AEE-FD6BBF6CA4DE}"
EndProject
Project("{FAE04EC0-301F-11D3-BF4B-00C04F79EFBC}") = "SAP.API.DataAccess", "SAP.API.DataAccess\SAP.API.DataAccess.csproj", "{DA9E685B-26BB-4B0E-9B89-9E3C8284A799}"
EndProject
Project("{FAE04EC0-301F-11D3-BF4B-00C04F79EFBC}") = "SAP.API.Common", "SAP.API.Common\SAP.API.Common.csproj", "{E49A661A-6204-4F05-B647-4965782F5214}"
EndProject
Project("{FAE04EC0-301F-11D3-BF4B-00C04F79EFBC}") = "SAP.API.Dependencies", "SAP.API.Dependencies\SAP.API.Dependencies.csproj", "{0570C8CD-DA49-4B22-B96B-6E382F309360}"
EndProject
Global
	GlobalSection(SolutionConfigurationPlatforms) = preSolution
		Debug|Any CPU = Debug|Any CPU
		Release|Any CPU = Release|Any CPU
	EndGlobalSection
	GlobalSection(ProjectConfigurationPlatforms) = postSolution
		{9C359DCA-9F33-40A8-B491-7E45BC23BB4E}.Debug|Any CPU.ActiveCfg = Debug|Any CPU
		{9C359DCA-9F33-40A8-B491-7E45BC23BB4E}.Debug|Any CPU.Build.0 = Debug|Any CPU
		{9C359DCA-9F33-40A8-B491-7E45BC23BB4E}.Release|Any CPU.ActiveCfg = Release|Any CPU
		{9C359DCA-9F33-40A8-B491-7E45BC23BB4E}.Release|Any CPU.Build.0 = Release|Any CPU
		{643A4332-8F22-47B2-9AEE-FD6BBF6CA4DE}.Debug|Any CPU.ActiveCfg = Debug|Any CPU
		{643A4332-8F22-47B2-9AEE-FD6BBF6CA4DE}.Debug|Any CPU.Build.0 = Debug|Any CPU
		{643A4332-8F22-47B2-9AEE-FD6BBF6CA4DE}.Release|Any CPU.ActiveCfg = Release|Any CPU
		{643A4332-8F22-47B2-9AEE-FD6BBF6CA4DE}.Release|Any CPU.Build.0 = Release|Any CPU
		{DA9E685B-26BB-4B0E-9B89-9E3C8284A799}.Debug|Any CPU.ActiveCfg = Debug|Any CPU
		{DA9E685B-26BB-4B0E-9B89-9E3C8284A799}.Debug|Any CPU.Build.0 = Debug|Any CPU
		{DA9E685B-26BB-4B0E-9B89-9E3C8284A799}.Release|Any CPU.ActiveCfg = Release|Any CPU
		{DA9E685B-26BB-4B0E-9B89-9E3C8284A799}.Release|Any CPU.Build.0 = Release|Any CPU
		{E49A661A-6204-4F05-B647-4965782F5214}.Debug|Any CPU.ActiveCfg = Debug|Any CPU
		{E49A661A-6204-4F05-B647-4965782F5214}.Debug|Any CPU.Build.0 = Debug|Any CPU
		{E49A661A-6204-4F05-B647-4965782F5214}.Release|Any CPU.ActiveCfg = Release|Any CPU
		{E49A661A-6204-4F05-B647-4965782F5214}.Release|Any CPU.Build.0 = Release|Any CPU
		{0570C8CD-DA49-4B22-B96B-6E382F309360}.Debug|Any CPU.ActiveCfg = Debug|Any CPU
		{0570C8CD-DA49-4B22-B96B-6E382F309360}.Debug|Any CPU.Build.0 = Debug|Any CPU
		{0570C8CD-DA49-4B22-B96B-6E382F309360}.Release|Any CPU.ActiveCfg = Release|Any CPU
		{0570C8CD-DA49-4B22-B96B-6E382F309360}.Release|Any CPU.Build.0 = Release|Any CPU
	EndGlobalSection
	GlobalSection(SolutionProperties) = preSolution
		HideSolutionNode = FALSE
	EndGlobalSection
	GlobalSection(ExtensibilityGlobals) = postSolution
		SolutionGuid = {652F4B6E-1C9B-49CF-8300-63B8073D60E5}
	EndGlobalSection
EndGlobal
